
Microsoft Visual Studio Solution File, Format Version 12.00
# Visual Studio Version 16
VisualStudioVersion = 16.0.30611.23
MinimumVisualStudioVersion = 10.0.40219.1
Project("{FAE04EC0-301F-11D3-BF4B-00C04F79EFBC}") = "standardcolors", "standardcolors\standardcolors.csproj", "{C0D1EC40-FFE3-46FE-884A-311B22219905}"
EndProject
Global
	GlobalSection(SolutionConfigurationPlatforms) = preSolution
		Debug|Any CPU = Debug|Any CPU
		Release|Any CPU = Release|Any CPU
	EndGlobalSection
	GlobalSection(ProjectConfigurationPlatforms) = postSolution
		{C0D1EC40-FFE3-46FE-884A-311B22219905}.Debug|Any CPU.ActiveCfg = Debug|Any CPU
		{C0D1EC40-FFE3-46FE-884A-311B22219905}.Debug|Any CPU.Build.0 = Debug|Any CPU
		{C0D1EC40-FFE3-46FE-884A-311B22219905}.Release|Any CPU.ActiveCfg = Release|Any CPU
		{C0D1EC40-FFE3-46FE-884A-311B22219905}.Release|Any CPU.Build.0 = Release|Any CPU
	EndGlobalSection
	GlobalSection(SolutionProperties) = preSolution
		HideSolutionNode = FALSE
	EndGlobalSection
	GlobalSection(ExtensibilityGlobals) = postSolution
		SolutionGuid = {8AC610C1-5A6C-40B8-AD71-9A2D6CFAAAA1}
	EndGlobalSection
EndGlobal
